<?xml version="1.0" encoding="utf-8"?>
<Project ToolsVersion="4.0" xmlns="http://schemas.microsoft.com/developer/msbuild/2003">
  <ItemGroup>
    <Filter Include="ソース ファイル">
      <UniqueIdentifier>{4FC737F1-C7A5-4376-A066-2A32D752A2FF}</UniqueIdentifier>
      <Extensions>cpp;c;cc;cxx;c++;cppm;ixx;def;odl;idl;hpj;bat;asm;asmx</Extensions>
    </Filter>
    <Filter Include="ヘッダー ファイル">
      <UniqueIdentifier>{93995380-89BD-4b04-88EB-625FBE52EBFB}</UniqueIdentifier>
      <Extensions>h;hh;hpp;hxx;h++;hm;inl;inc;ipp;xsd</Extensions>
    </Filter>
    <Filter Include="リソース ファイル">
      <UniqueIdentifier>{67DA6AB6-F800-4c08-8B7A-83BB121AAD01}</UniqueIdentifier>
      <Extensions>rc;ico;cur;bmp;dlg;rc2;rct;bin;rgs;gif;jpg;jpeg;jpe;resx;tiff;tif;png;wav;mfcribbon-ms</Extensions>
    </Filter>
    <Filter Include="ソース ファイル\scene">
      <UniqueIdentifier>{bd2646e8-ec02-4ff5-8223-cca1f1224bfb}</UniqueIdentifier>
    </Filter>
    <Filter Include="ソース ファイル\sceneTransition">
      <UniqueIdentifier>{b8fab08f-a9e3-405c-abb3-bdca050f037c}</UniqueIdentifier>
    </Filter>
    <Filter Include="ソース ファイル\gameObject">
      <UniqueIdentifier>{499f701b-0f91-40a7-aa15-e9eed181f3cf}</UniqueIdentifier>
    </Filter>
    <Filter Include="ヘッダー ファイル\gameObject">
      <UniqueIdentifier>{ae5c6a08-e8e3-4831-b045-ba71d3d29175}</UniqueIdentifier>
    </Filter>
    <Filter Include="ヘッダー ファイル\scene">
      <UniqueIdentifier>{c50dacb6-7b15-453a-a17d-a46ae59eb640}</UniqueIdentifier>
    </Filter>
  </ItemGroup>
  <ItemGroup>
    <ClCompile Include="main.cpp">
      <Filter>ソース ファイル</Filter>
    </ClCompile>
    <ClCompile Include="flipTransitaion.cpp">
      <Filter>ソース ファイル\sceneTransition</Filter>
    </ClCompile>
    <ClCompile Include="emptyScene.cpp">
      <Filter>ソース ファイル\scene</Filter>
    </ClCompile>
    <ClCompile Include="sampleTransition.cpp">
      <Filter>ソース ファイル\sceneTransition</Filter>
    </ClCompile>
    <ClCompile Include="keyboard.cpp">
      <Filter>ソース ファイル</Filter>
    </ClCompile>
    <ClCompile Include="player.cpp">
      <Filter>ソース ファイル\gameObject</Filter>
    </ClCompile>
    <ClCompile Include="stone.cpp">
      <Filter>ソース ファイル\gameObject</Filter>
    </ClCompile>
    <ClCompile Include="demoScene.cpp">
      <Filter>ソース ファイル\scene</Filter>
    </ClCompile>
    <ClCompile Include="titleScene.cpp">
      <Filter>ソース ファイル\scene</Filter>
    </ClCompile>
    <ClCompile Include="uiMap.cpp">
      <Filter>ソース ファイル\gameObject</Filter>
    </ClCompile>
    <ClCompile Include="resultScene.cpp">
      <Filter>ソース ファイル\scene</Filter>
    </ClCompile>
    <ClCompile Include="goal.cpp">
      <Filter>ソース ファイル\gameObject</Filter>
    </ClCompile>
    <ClCompile Include="fever_piece.cpp">
      <Filter>ソース ファイル\gameObject</Filter>
    </ClCompile>
    <ClCompile Include="course.cpp">
      <Filter>ソース ファイル\gameObject</Filter>
    </ClCompile>
    <ClCompile Include="feverTime.cpp">
      <Filter>ソース ファイル\gameObject</Filter>
    </ClCompile>
    <ClCompile Include="starEffect.cpp">
      <Filter>ソース ファイル\gameObject</Filter>
    </ClCompile>
    <ClCompile Include="mainGameScene.cpp">
      <Filter>ソース ファイル\scene</Filter>
    </ClCompile>
    <ClCompile Include="curtain.cpp">
      <Filter>ソース ファイル\gameObject</Filter>
    </ClCompile>
    <ClCompile Include="obstacle.cpp">
      <Filter>ソース ファイル\gameObject</Filter>
    </ClCompile>
    <ClCompile Include="gameObjectModel.cpp">
      <Filter>ソース ファイル\gameObject</Filter>
    </ClCompile>
    <ClCompile Include="starTransition.cpp">
      <Filter>ソース ファイル\sceneTransition</Filter>
    </ClCompile>
    <ClCompile Include="BGMScene.cpp">
      <Filter>ソース ファイル\scene</Filter>
    </ClCompile>
    <ClCompile Include="uiPause.cpp">
      <Filter>ソース ファイル\gameObject</Filter>
    </ClCompile>
    <ClCompile Include="stageSelectScene.cpp">
      <Filter>ソース ファイル\scene</Filter>
    </ClCompile>
    <ClCompile Include="input.cpp">
      <Filter>ソース ファイル</Filter>
    </ClCompile>
    <ClCompile Include="hid.cpp">
      <Filter>ソース ファイル</Filter>
    </ClCompile>
    <ClCompile Include="formatTime.cpp">
      <Filter>ソース ファイル</Filter>
    </ClCompile>
    <ClCompile Include="talk.cpp">
      <Filter>ソース ファイル\gameObject</Filter>
    </ClCompile>
    <ClCompile Include="previewScene.cpp">
      <Filter>ソース ファイル\scene</Filter>
    </ClCompile>
  </ItemGroup>
  <ItemGroup>
    <ClInclude Include="keyboard.h">
      <Filter>ヘッダー ファイル</Filter>
    </ClInclude>
    <ClInclude Include="player.h">
      <Filter>ヘッダー ファイル\gameObject</Filter>
    </ClInclude>
    <ClInclude Include="stone.h">
      <Filter>ヘッダー ファイル\gameObject</Filter>
    </ClInclude>
    <ClInclude Include="uiMap.h">
      <Filter>ヘッダー ファイル\gameObject</Filter>
    </ClInclude>
    <ClInclude Include="goal.h">
      <Filter>ヘッダー ファイル\gameObject</Filter>
    </ClInclude>
    <ClInclude Include="fever_piece.h">
      <Filter>ヘッダー ファイル\gameObject</Filter>
    </ClInclude>
    <ClInclude Include="course.h">
      <Filter>ヘッダー ファイル\gameObject</Filter>
    </ClInclude>
    <ClInclude Include="feverTime.h">
      <Filter>ヘッダー ファイル\gameObject</Filter>
    </ClInclude>
    <ClInclude Include="starEffect.h">
      <Filter>ヘッダー ファイル\gameObject</Filter>
    </ClInclude>
    <ClInclude Include="config.h">
      <Filter>ヘッダー ファイル</Filter>
    </ClInclude>
    <ClInclude Include="curtain.h">
      <Filter>ヘッダー ファイル\gameObject</Filter>
    </ClInclude>
    <ClInclude Include="obstacle.h">
      <Filter>ヘッダー ファイル\gameObject</Filter>
    </ClInclude>
    <ClInclude Include="gameObjectModel.h">
      <Filter>ヘッダー ファイル\gameObject</Filter>
    </ClInclude>
    <ClInclude Include="mainGameScene.h">
      <Filter>ヘッダー ファイル\scene</Filter>
    </ClInclude>
    <ClInclude Include="BGMScene.h">
      <Filter>ヘッダー ファイル\scene</Filter>
    </ClInclude>
    <ClInclude Include="uiPause.h">
      <Filter>ヘッダー ファイル\gameObject</Filter>
    </ClInclude>
    <ClInclude Include="input.h">
      <Filter>ヘッダー ファイル</Filter>
    </ClInclude>
    <ClInclude Include="hid.h">
      <Filter>ヘッダー ファイル</Filter>
    </ClInclude>
    <ClInclude Include="formatTime.h">
      <Filter>ヘッダー ファイル</Filter>
    </ClInclude>
    <ClInclude Include="talk.h">
      <Filter>ヘッダー ファイル\gameObject</Filter>
    </ClInclude>
    <ClInclude Include="previewScene.h">
      <Filter>ヘッダー ファイル\scene</Filter>
    </ClInclude>
  </ItemGroup>
  <ItemGroup>
    <Text Include="コーディング規約.txt" />
  </ItemGroup>
</Project>